// !$*UTF8*$!
{
	archiveVersion = 1;
	classes = {
	};
	objectVersion = 77;
	objects = {

/* Begin PBXContainerItemProxy section */
		7A02BFE82E39D9AF00587F53 /* PBXContainerItemProxy */ = {
			isa = PBXContainerItemProxy;
			containerPortal = 7A02BFD02E39D9AD00587F53 /* Project object */;
			proxyType = 1;
			remoteGlobalIDString = 7A02BFD72E39D9AD00587F53;
			remoteInfo = Meditory;
		};
		7A02BFF22E39D9AF00587F53 /* PBXContainerItemProxy */ = {
			isa = PBXContainerItemProxy;
			containerPortal = 7A02BFD02E39D9AD00587F53 /* Project object */;
			proxyType = 1;
			remoteGlobalIDString = 7A02BFD72E39D9AD00587F53;
			remoteInfo = Meditory;
		};
/* End PBXContainerItemProxy section */

/* Begin PBXFileReference section */
		7A02BFD82E39D9AD00587F53 /* Meditory.app */ = {isa = PBXFileReference; explicitFileType = wrapper.application; includeInIndex = 0; path = Meditory.app; sourceTree = BUILT_PRODUCTS_DIR; };
		7A02BFE72E39D9AF00587F53 /* MeditoryTests.xctest */ = {isa = PBXFileReference; explicitFileType = wrapper.cfbundle; includeInIndex = 0; path = MeditoryTests.xctest; sourceTree = BUILT_PRODUCTS_DIR; };
		7A02BFF12E39D9AF00587F53 /* MeditoryUITests.xctest */ = {isa = PBXFileReference; explicitFileType = wrapper.cfbundle; includeInIndex = 0; path = MeditoryUITests.xctest; sourceTree = BUILT_PRODUCTS_DIR; };
/* End PBXFileReference section */

/* Begin PBXFileSystemSynchronizedBuildFileExceptionSet section */
		7A02C0062E39D9DC00587F53 /* Exceptions for "MeditoryUITests" folder in "Meditory" target */ = {
			isa = PBXFileSystemSynchronizedBuildFileExceptionSet;
			membershipExceptions = (
				Secrets.xcconfig,
			);
			target = 7A02BFD72E39D9AD00587F53 /* Meditory */;
		};
		7A02C0072E39D9DC00587F53 /* Exceptions for "MeditoryUITests" folder in "MeditoryUITests" target */ = {
			isa = PBXFileSystemSynchronizedBuildFileExceptionSet;
			membershipExceptions = (
				Secrets.xcconfig,
			);
			target = 7A02BFF02E39D9AF00587F53 /* MeditoryUITests */;
		};
/* End PBXFileSystemSynchronizedBuildFileExceptionSet section */

/* Begin PBXFileSystemSynchronizedRootGroup section */
		7A02BFDA2E39D9AD00587F53 /* Meditory */ = {
			isa = PBXFileSystemSynchronizedRootGroup;
			path = Meditory;
			sourceTree = "<group>";
		};
		7A02BFEA2E39D9AF00587F53 /* MeditoryTests */ = {
			isa = PBXFileSystemSynchronizedRootGroup;
			path = MeditoryTests;
			sourceTree = "<group>";
		};
		7A02BFF42E39D9AF00587F53 /* MeditoryUITests */ = {
			isa = PBXFileSystemSynchronizedRootGroup;
			exceptions = (
				7A02C0062E39D9DC00587F53 /* Exceptions for "MeditoryUITests" folder in "Meditory" target */,
				7A02C0072E39D9DC00587F53 /* Exceptions for "MeditoryUITests" folder in "MeditoryUITests" target */,
			);
			path = MeditoryUITests;
			sourceTree = "<group>";
		};
/* End PBXFileSystemSynchronizedRootGroup section */

/* Begin PBXFrameworksBuildPhase section */
		7A02BFD52E39D9AD00587F53 /* Frameworks */ = {
			isa = PBXFrameworksBuildPhase;
			buildActionMask = 2147483647;
			files = (
			);
			runOnlyForDeploymentPostprocessing = 0;
		};
		7A02BFE42E39D9AF00587F53 /* Frameworks */ = {
			isa = PBXFrameworksBuildPhase;
			buildActionMask = 2147483647;
			files = (
			);
			runOnlyForDeploymentPostprocessing = 0;
		};
		7A02BFEE2E39D9AF00587F53 /* Frameworks */ = {
			isa = PBXFrameworksBuildPhase;
			buildActionMask = 2147483647;
			files = (
			);
			runOnlyForDeploymentPostprocessing = 0;
		};
/* End PBXFrameworksBuildPhase section */

/* Begin PBXGroup section */
		7A02BFCF2E39D9AD00587F53 = {
			isa = PBXGroup;
			children = (
				7A02BFDA2E39D9AD00587F53 /* Meditory */,
				7A02BFEA2E39D9AF00587F53 /* MeditoryTests */,
				7A02BFF42E39D9AF00587F53 /* MeditoryUITests */,
				7A02BFD92E39D9AD00587F53 /* Products */,
			);
			sourceTree = "<group>";
		};
		7A02BFD92E39D9AD00587F53 /* Products */ = {
			isa = PBXGroup;
			children = (
				7A02BFD82E39D9AD00587F53 /* Meditory.app */,
				7A02BFE72E39D9AF00587F53 /* MeditoryTests.xctest */,
				7A02BFF12E39D9AF00587F53 /* MeditoryUITests.xctest */,
			);
			name = Products;
			sourceTree = "<group>";
		};
/* End PBXGroup section */

/* Begin PBXNativeTarget section */
		7A02BFD72E39D9AD00587F53 /* Meditory */ = {
			isa = PBXNativeTarget;
			buildConfigurationList = 7A02BFFB2E39D9AF00587F53 /* Build configuration list for PBXNativeTarget "Meditory" */;
			buildPhases = (
				7A02BFD42E39D9AD00587F53 /* Sources */,
				7A02BFD52E39D9AD00587F53 /* Frameworks */,
				7A02BFD62E39D9AD00587F53 /* Resources */,
			);
			buildRules = (
			);
			dependencies = (
			);
			fileSystemSynchronizedGroups = (
				7A02BFDA2E39D9AD00587F53 /* Meditory */,
			);
			name = Meditory;
			packageProductDependencies = (
			);
			productName = Meditory;
			productReference = 7A02BFD82E39D9AD00587F53 /* Meditory.app */;
			productType = "com.apple.product-type.application";
		};
		7A02BFE62E39D9AF00587F53 /* MeditoryTests */ = {
			isa = PBXNativeTarget;
			buildConfigurationList = 7A02BFFE2E39D9AF00587F53 /* Build configuration list for PBXNativeTarget "MeditoryTests" */;
			buildPhases = (
				7A02BFE32E39D9AF00587F53 /* Sources */,
				7A02BFE42E39D9AF00587F53 /* Frameworks */,
				7A02BFE52E39D9AF00587F53 /* Resources */,
			);
			buildRules = (
			);
			dependencies = (
				7A02BFE92E39D9AF00587F53 /* PBXTargetDependency */,
			);
			fileSystemSynchronizedGroups = (
				7A02BFEA2E39D9AF00587F53 /* MeditoryTests */,
			);
			name = MeditoryTests;
			packageProductDependencies = (
			);
			productName = MeditoryTests;
			productReference = 7A02BFE72E39D9AF00587F53 /* MeditoryTests.xctest */;
			productType = "com.apple.product-type.bundle.unit-test";
		};
		7A02BFF02E39D9AF00587F53 /* MeditoryUITests */ = {
			isa = PBXNativeTarget;
			buildConfigurationList = 7A02C0012E39D9AF00587F53 /* Build configuration list for PBXNativeTarget "MeditoryUITests" */;
			buildPhases = (
				7A02BFED2E39D9AF00587F53 /* Sources */,
				7A02BFEE2E39D9AF00587F53 /* Frameworks */,
				7A02BFEF2E39D9AF00587F53 /* Resources */,
			);
			buildRules = (
			);
			dependencies = (
				7A02BFF32E39D9AF00587F53 /* PBXTargetDependency */,
			);
			fileSystemSynchronizedGroups = (
				7A02BFF42E39D9AF00587F53 /* MeditoryUITests */,
			);
			name = MeditoryUITests;
			packageProductDependencies = (
			);
			productName = MeditoryUITests;
			productReference = 7A02BFF12E39D9AF00587F53 /* MeditoryUITests.xctest */;
			productType = "com.apple.product-type.bundle.ui-testing";
		};
/* End PBXNativeTarget section */

/* Begin PBXProject section */
		7A02BFD02E39D9AD00587F53 /* Project object */ = {
			isa = PBXProject;
			attributes = {
				BuildIndependentTargetsInParallel = 1;
				LastSwiftUpdateCheck = 1630;
				LastUpgradeCheck = 1630;
				TargetAttributes = {
					7A02BFD72E39D9AD00587F53 = {
						CreatedOnToolsVersion = 16.3;
					};
					7A02BFE62E39D9AF00587F53 = {
						CreatedOnToolsVersion = 16.3;
						TestTargetID = 7A02BFD72E39D9AD00587F53;
					};
					7A02BFF02E39D9AF00587F53 = {
						CreatedOnToolsVersion = 16.3;
						TestTargetID = 7A02BFD72E39D9AD00587F53;
					};
				};
			};
			buildConfigurationList = 7A02BFD32E39D9AD00587F53 /* Build configuration list for PBXProject "Meditory" */;
			developmentRegion = en;
			hasScannedForEncodings = 0;
			knownRegions = (
				en,
				Base,
			);
			mainGroup = 7A02BFCF2E39D9AD00587F53;
			minimizedProjectReferenceProxies = 1;
			preferredProjectObjectVersion = 77;
			productRefGroup = 7A02BFD92E39D9AD00587F53 /* Products */;
			projectDirPath = "";
			projectRoot = "";
			targets = (
				7A02BFD72E39D9AD00587F53 /* Meditory */,
				7A02BFE62E39D9AF00587F53 /* MeditoryTests */,
				7A02BFF02E39D9AF00587F53 /* MeditoryUITests */,
			);
		};
/* End PBXProject section */

/* Begin PBXResourcesBuildPhase section */
		7A02BFD62E39D9AD00587F53 /* Resources */ = {
			isa = PBXResourcesBuildPhase;
			buildActionMask = 2147483647;
			files = (
			);
			runOnlyForDeploymentPostprocessing = 0;
		};
		7A02BFE52E39D9AF00587F53 /* Resources */ = {
			isa = PBXResourcesBuildPhase;
			buildActionMask = 2147483647;
			files = (
			);
			runOnlyForDeploymentPostprocessing = 0;
		};
		7A02BFEF2E39D9AF00587F53 /* Resources */ = {
			isa = PBXResourcesBuildPhase;
			buildActionMask = 2147483647;
			files = (
			);
			runOnlyForDeploymentPostprocessing = 0;
		};
/* End PBXResourcesBuildPhase section */

/* Begin PBXSourcesBuildPhase section */
		7A02BFD42E39D9AD00587F53 /* Sources */ = {
			isa = PBXSourcesBuildPhase;
			buildActionMask = 2147483647;
			files = (
			);
			runOnlyForDeploymentPostprocessing = 0;
		};
		7A02BFE32E39D9AF00587F53 /* Sources */ = {
			isa = PBXSourcesBuildPhase;
			buildActionMask = 2147483647;
			files = (
			);
			runOnlyForDeploymentPostprocessing = 0;
		};
		7A02BFED2E39D9AF00587F53 /* Sources */ = {
			isa = PBXSourcesBuildPhase;
			buildActionMask = 2147483647;
			files = (
			);
			runOnlyForDeploymentPostprocessing = 0;
		};
/* End PBXSourcesBuildPhase section */

/* Begin PBXTargetDependency section */
		7A02BFE92E39D9AF00587F53 /* PBXTargetDependency */ = {
			isa = PBXTargetDependency;
			target = 7A02BFD72E39D9AD00587F53 /* Meditory */;
			targetProxy = 7A02BFE82E39D9AF00587F53 /* PBXContainerItemProxy */;
		};
		7A02BFF32E39D9AF00587F53 /* PBXTargetDependency */ = {
			isa = PBXTargetDependency;
			target = 7A02BFD72E39D9AD00587F53 /* Meditory */;
			targetProxy = 7A02BFF22E39D9AF00587F53 /* PBXContainerItemProxy */;
		};
/* End PBXTargetDependency section */

/* Begin XCBuildConfiguration section */
		7A02BFF92E39D9AF00587F53 /* Debug */ = {
			isa = XCBuildConfiguration;
			buildSettings = {
				ALWAYS_SEARCH_USER_PATHS = NO;
				ASSETCATALOG_COMPILER_GENERATE_SWIFT_ASSET_SYMBOL_EXTENSIONS = YES;
				CLANG_ANALYZER_NONNULL = YES;
				CLANG_ANALYZER_NUMBER_OBJECT_CONVERSION = YES_AGGRESSIVE;
				CLANG_CXX_LANGUAGE_STANDARD = "gnu++20";
				CLANG_ENABLE_MODULES = YES;
				CLANG_ENABLE_OBJC_ARC = YES;
				CLANG_ENABLE_OBJC_WEAK = YES;
				CLANG_WARN_BLOCK_CAPTURE_AUTORELEASING = YES;
				CLANG_WARN_BOOL_CONVERSION = YES;
				CLANG_WARN_COMMA = YES;
				CLANG_WARN_CONSTANT_CONVERSION = YES;
				CLANG_WARN_DEPRECATED_OBJC_IMPLEMENTATIONS = YES;
				CLANG_WARN_DIRECT_OBJC_ISA_USAGE = YES_ERROR;
				CLANG_WARN_DOCUMENTATION_COMMENTS = YES;
				CLANG_WARN_EMPTY_BODY = YES;
				CLANG_WARN_ENUM_CONVERSION = YES;
				CLANG_WARN_INFINITE_RECURSION = YES;
				CLANG_WARN_INT_CONVERSION = YES;
				CLANG_WARN_NON_LITERAL_NULL_CONVERSION = YES;
				CLANG_WARN_OBJC_IMPLICIT_RETAIN_SELF = YES;
				CLANG_WARN_OBJC_LITERAL_CONVERSION = YES;
				CLANG_WARN_OBJC_ROOT_CLASS = YES_ERROR;
				CLANG_WARN_QUOTED_INCLUDE_IN_FRAMEWORK_HEADER = YES;
				CLANG_WARN_RANGE_LOOP_ANALYSIS = YES;
				CLANG_WARN_STRICT_PROTOTYPES = YES;
				CLANG_WARN_SUSPICIOUS_MOVE = YES;
				CLANG_WARN_UNGUARDED_AVAILABILITY = YES_AGGRESSIVE;
				CLANG_WARN_UNREACHABLE_CODE = YES;
				CLANG_WARN__DUPLICATE_METHOD_MATCH = YES;
				COPY_PHASE_STRIP = NO;
				DEBUG_INFORMATION_FORMAT = dwarf;
				DEVELOPMENT_TEAM = ALRD325VZ8;
				ENABLE_STRICT_OBJC_MSGSEND = YES;
				ENABLE_TESTABILITY = YES;
				ENABLE_USER_SCRIPT_SANDBOXING = YES;
				GCC_C_LANGUAGE_STANDARD = gnu17;
				GCC_DYNAMIC_NO_PIC = NO;
				GCC_NO_COMMON_BLOCKS = YES;
				GCC_OPTIMIZATION_LEVEL = 0;
				GCC_PREPROCESSOR_DEFINITIONS = (
					"DEBUG=1",
					"$(inherited)",
				);
				GCC_WARN_64_TO_32_BIT_CONVERSION = YES;
				GCC_WARN_ABOUT_RETURN_TYPE = YES_ERROR;
				GCC_WARN_UNDECLARED_SELECTOR = YES;
				GCC_WARN_UNINITIALIZED_AUTOS = YES_AGGRESSIVE;
				GCC_WARN_UNUSED_FUNCTION = YES;
				GCC_WARN_UNUSED_VARIABLE = YES;
				IPHONEOS_DEPLOYMENT_TARGET = 18.4;
				LOCALIZATION_PREFERS_STRING_CATALOGS = YES;
				MTL_ENABLE_DEBUG_INFO = INCLUDE_SOURCE;
				MTL_FAST_MATH = YES;
				ONLY_ACTIVE_ARCH = YES;
				SDKROOT = iphoneos;
				SWIFT_ACTIVE_COMPILATION_CONDITIONS = "DEBUG $(inherited)";
				SWIFT_OPTIMIZATION_LEVEL = "-Onone";
			};
			name = Debug;
		};
		7A02BFFA2E39D9AF00587F53 /* Release */ = {
			isa = XCBuildConfiguration;
			buildSettings = {
				ALWAYS_SEARCH_USER_PATHS = NO;
				ASSETCATALOG_COMPILER_GENERATE_SWIFT_ASSET_SYMBOL_EXTENSIONS = YES;
				CLANG_ANALYZER_NONNULL = YES;
				CLANG_ANALYZER_NUMBER_OBJECT_CONVERSION = YES_AGGRESSIVE;
				CLANG_CXX_LANGUAGE_STANDARD = "gnu++20";
				CLANG_ENABLE_MODULES = YES;
				CLANG_ENABLE_OBJC_ARC = YES;
				CLANG_ENABLE_OBJC_WEAK = YES;
				CLANG_WARN_BLOCK_CAPTURE_AUTORELEASING = YES;
				CLANG_WARN_BOOL_CONVERSION = YES;
				CLANG_WARN_COMMA = YES;
				CLANG_WARN_CONSTANT_CONVERSION = YES;
				CLANG_WARN_DEPRECATED_OBJC_IMPLEMENTATIONS = YES;
				CLANG_WARN_DIRECT_OBJC_ISA_USAGE = YES_ERROR;
				CLANG_WARN_DOCUMENTATION_COMMENTS = YES;
				CLANG_WARN_EMPTY_BODY = YES;
				CLANG_WARN_ENUM_CONVERSION = YES;
				CLANG_WARN_INFINITE_RECURSION = YES;
				CLANG_WARN_INT_CONVERSION = YES;
				CLANG_WARN_NON_LITERAL_NULL_CONVERSION = YES;
				CLANG_WARN_OBJC_IMPLICIT_RETAIN_SELF = YES;
				CLANG_WARN_OBJC_LITERAL_CONVERSION = YES;
				CLANG_WARN_OBJC_ROOT_CLASS = YES_ERROR;
				CLANG_WARN_QUOTED_INCLUDE_IN_FRAMEWORK_HEADER = YES;
				CLANG_WARN_RANGE_LOOP_ANALYSIS = YES;
				CLANG_WARN_STRICT_PROTOTYPES = YES;
				CLANG_WARN_SUSPICIOUS_MOVE = YES;
				CLANG_WARN_UNGUARDED_AVAILABILITY = YES_AGGRESSIVE;
				CLANG_WARN_UNREACHABLE_CODE = YES;
				CLANG_WARN__DUPLICATE_METHOD_MATCH = YES;
				COPY_PHASE_STRIP = NO;
				DEBUG_INFORMATION_FORMAT = "dwarf-with-dsym";
				DEVELOPMENT_TEAM = ALRD325VZ8;
				ENABLE_NS_ASSERTIONS = NO;
				ENABLE_STRICT_OBJC_MSGSEND = YES;
				ENABLE_USER_SCRIPT_SANDBOXING = YES;
				GCC_C_LANGUAGE_STANDARD = gnu17;
				GCC_NO_COMMON_BLOCKS = YES;
				GCC_WARN_64_TO_32_BIT_CONVERSION = YES;
				GCC_WARN_ABOUT_RETURN_TYPE = YES_ERROR;
				GCC_WARN_UNDECLARED_SELECTOR = YES;
				GCC_WARN_UNINITIALIZED_AUTOS = YES_AGGRESSIVE;
				GCC_WARN_UNUSED_FUNCTION = YES;
				GCC_WARN_UNUSED_VARIABLE = YES;
				IPHONEOS_DEPLOYMENT_TARGET = 18.4;
				LOCALIZATION_PREFERS_STRING_CATALOGS = YES;
				MTL_ENABLE_DEBUG_INFO = NO;
				MTL_FAST_MATH = YES;
				SDKROOT = iphoneos;
				SWIFT_COMPILATION_MODE = wholemodule;
				VALIDATE_PRODUCT = YES;
			};
			name = Release;
		};
		7A02BFFC2E39D9AF00587F53 /* Debug */ = {
			isa = XCBuildConfiguration;
			baseConfigurationReferenceAnchor = 7A02BFF42E39D9AF00587F53 /* MeditoryUITests */;
			baseConfigurationReferenceRelativePath = Secrets.xcconfig;
			buildSettings = {
				ASSETCATALOG_COMPILER_APPICON_NAME = AppIcon;
				ASSETCATALOG_COMPILER_GLOBAL_ACCENT_COLOR_NAME = AccentColor;
				CODE_SIGN_STYLE = Automatic;
				CURRENT_PROJECT_VERSION = 1;
				DEVELOPMENT_TEAM = ALRD325VZ8;
				ENABLE_PREVIEWS = YES;
				GENERATE_INFOPLIST_FILE = YES;
				INFOPLIST_KEY_UIApplicationSceneManifest_Generation = YES;
				INFOPLIST_KEY_UIApplicationSupportsIndirectInputEvents = YES;
				INFOPLIST_KEY_UILaunchScreen_Generation = YES;
				INFOPLIST_KEY_UISupportedInterfaceOrientations_iPad = "UIInterfaceOrientationPortrait UIInterfaceOrientationPortraitUpsideDown UIInterfaceOrientationLandscapeLeft UIInterfaceOrientationLandscapeRight";
				INFOPLIST_KEY_UISupportedInterfaceOrientations_iPhone = "UIInterfaceOrientationPortrait UIInterfaceOrientationLandscapeLeft UIInterfaceOrientationLandscapeRight";
				IPHONEOS_DEPLOYMENT_TARGET = 16;
				LD_RUNPATH_SEARCH_PATHS = (
					"$(inherited)",
					"@executable_path/Frameworks",
				);
				MARKETING_VERSION = 1.0;
				PRODUCT_BUNDLE_IDENTIFIER = com.heyju.Meditory;
				PRODUCT_NAME = "$(TARGET_NAME)";
				SWIFT_EMIT_LOC_STRINGS = YES;
				SWIFT_VERSION = 5.0;
				TARGETED_DEVICE_FAMILY = "1,2";
			};
			name = Debug;
		};
		7A02BFFD2E39D9AF00587F53 /* Release */ = {
			isa = XCBuildConfiguration;
			baseConfigurationReferenceAnchor = 7A02BFF42E39D9AF00587F53 /* MeditoryUITests */;
			baseConfigurationReferenceRelativePath = Secrets.xcconfig;
			buildSettings = {
				ASSETCATALOG_COMPILER_APPICON_NAME = AppIcon;
				ASSETCATALOG_COMPILER_GLOBAL_ACCENT_COLOR_NAME = AccentColor;
				CODE_SIGN_STYLE = Automatic;
				CURRENT_PROJECT_VERSION = 1;
				DEVELOPMENT_TEAM = ALRD325VZ8;
				ENABLE_PREVIEWS = YES;
				GENERATE_INFOPLIST_FILE = YES;
				INFOPLIST_KEY_UIApplicationSceneManifest_Generation = YES;
				INFOPLIST_KEY_UIApplicationSupportsIndirectInputEvents = YES;
				INFOPLIST_KEY_UILaunchScreen_Generation = YES;
				INFOPLIST_KEY_UISupportedInterfaceOrientations_iPad = "UIInterfaceOrientationPortrait UIInterfaceOrientationPortraitUpsideDown UIInterfaceOrientationLandscapeLeft UIInterfaceOrientationLandscapeRight";
				INFOPLIST_KEY_UISupportedInterfaceOrientations_iPhone = "UIInterfaceOrientationPortrait UIInterfaceOrientationLandscapeLeft UIInterfaceOrientationLandscapeRight";
				IPHONEOS_DEPLOYMENT_TARGET = 16;
				LD_RUNPATH_SEARCH_PATHS = (
					"$(inherited)",
					"@executable_path/Frameworks",
				);
				MARKETING_VERSION = 1.0;
				PRODUCT_BUNDLE_IDENTIFIER = com.heyju.Meditory;
				PRODUCT_NAME = "$(TARGET_NAME)";
				SWIFT_EMIT_LOC_STRINGS = YES;
				SWIFT_VERSION = 5.0;
				TARGETED_DEVICE_FAMILY = "1,2";
			};
			name = Release;
		};
		7A02BFFF2E39D9AF00587F53 /* Debug */ = {
			isa = XCBuildConfiguration;
			buildSettings = {
				BUNDLE_LOADER = "$(TEST_HOST)";
				CODE_SIGN_STYLE = Automatic;
				CURRENT_PROJECT_VERSION = 1;
				DEVELOPMENT_TEAM = ALRD325VZ8;
				GENERATE_INFOPLIST_FILE = YES;
				IPHONEOS_DEPLOYMENT_TARGET = 18.4;
				MARKETING_VERSION = 1.0;
				PRODUCT_BUNDLE_IDENTIFIER = com.heyju.MeditoryTests;
				PRODUCT_NAME = "$(TARGET_NAME)";
				SWIFT_EMIT_LOC_STRINGS = NO;
				SWIFT_VERSION = 5.0;
				TARGETED_DEVICE_FAMILY = "1,2";
				TEST_HOST = "$(BUILT_PRODUCTS_DIR)/Meditory.app/$(BUNDLE_EXECUTABLE_FOLDER_PATH)/Meditory";
			};
			name = Debug;
		};
		7A02C0002E39D9AF00587F53 /* Release */ = {
			isa = XCBuildConfiguration;
			buildSettings = {
				BUNDLE_LOADER = "$(TEST_HOST)";
				CODE_SIGN_STYLE = Automatic;
				CURRENT_PROJECT_VERSION = 1;
				DEVELOPMENT_TEAM = ALRD325VZ8;
				GENERATE_INFOPLIST_FILE = YES;
				IPHONEOS_DEPLOYMENT_TARGET = 18.4;
				MARKETING_VERSION = 1.0;
				PRODUCT_BUNDLE_IDENTIFIER = com.heyju.MeditoryTests;
				PRODUCT_NAME = "$(TARGET_NAME)";
				SWIFT_EMIT_LOC_STRINGS = NO;
				SWIFT_VERSION = 5.0;
				TARGETED_DEVICE_FAMILY = "1,2";
				TEST_HOST = "$(BUILT_PRODUCTS_DIR)/Meditory.app/$(BUNDLE_EXECUTABLE_FOLDER_PATH)/Meditory";
			};
			name = Release;
		};
		7A02C0022E39D9AF00587F53 /* Debug */ = {
			isa = XCBuildConfiguration;
			buildSettings = {
				CODE_SIGN_STYLE = Automatic;
				CURRENT_PROJECT_VERSION = 1;
				DEVELOPMENT_TEAM = ALRD325VZ8;
				GENERATE_INFOPLIST_FILE = YES;
				MARKETING_VERSION = 1.0;
				PRODUCT_BUNDLE_IDENTIFIER = com.heyju.MeditoryUITests;
				PRODUCT_NAME = "$(TARGET_NAME)";
				SWIFT_EMIT_LOC_STRINGS = NO;
				SWIFT_VERSION = 5.0;
				TARGETED_DEVICE_FAMILY = "1,2";
				TEST_TARGET_NAME = Meditory;
			};
			name = Debug;
		};
		7A02C0032E39D9AF00587F53 /* Release */ = {
			isa = XCBuildConfiguration;
			buildSettings = {
				CODE_SIGN_STYLE = Automatic;
				CURRENT_PROJECT_VERSION = 1;
				DEVELOPMENT_TEAM = ALRD325VZ8;
				GENERATE_INFOPLIST_FILE = YES;
				MARKETING_VERSION = 1.0;
				PRODUCT_BUNDLE_IDENTIFIER = com.heyju.MeditoryUITests;
				PRODUCT_NAME = "$(TARGET_NAME)";
				SWIFT_EMIT_LOC_STRINGS = NO;
				SWIFT_VERSION = 5.0;
				TARGETED_DEVICE_FAMILY = "1,2";
				TEST_TARGET_NAME = Meditory;
			};
			name = Release;
		};
/* End XCBuildConfiguration section */

/* Begin XCConfigurationList section */
		7A02BFD32E39D9AD00587F53 /* Build configuration list for PBXProject "Meditory" */ = {
			isa = XCConfigurationList;
			buildConfigurations = (
				7A02BFF92E39D9AF00587F53 /* Debug */,
				7A02BFFA2E39D9AF00587F53 /* Release */,
			);
			defaultConfigurationIsVisible = 0;
			defaultConfigurationName = Release;
		};
		7A02BFFB2E39D9AF00587F53 /* Build configuration list for PBXNativeTarget "Meditory" */ = {
			isa = XCConfigurationList;
			buildConfigurations = (
				7A02BFFC2E39D9AF00587F53 /* Debug */,
				7A02BFFD2E39D9AF00587F53 /* Release */,
			);
			defaultConfigurationIsVisible = 0;
			defaultConfigurationName = Release;
		};
		7A02BFFE2E39D9AF00587F53 /* Build configuration list for PBXNativeTarget "MeditoryTests" */ = {
			isa = XCConfigurationList;
			buildConfigurations = (
				7A02BFFF2E39D9AF00587F53 /* Debug */,
				7A02C0002E39D9AF00587F53 /* Release */,
			);
			defaultConfigurationIsVisible = 0;
			defaultConfigurationName = Release;
		};
		7A02C0012E39D9AF00587F53 /* Build configuration list for PBXNativeTarget "MeditoryUITests" */ = {
			isa = XCConfigurationList;
			buildConfigurations = (
				7A02C0022E39D9AF00587F53 /* Debug */,
				7A02C0032E39D9AF00587F53 /* Release */,
			);
			defaultConfigurationIsVisible = 0;
			defaultConfigurationName = Release;
		};
/* End XCConfigurationList section */
	};
	rootObject = 7A02BFD02E39D9AD00587F53 /* Project object */;
}
